// !$*UTF8*$!
{
	archiveVersion = 1;
	classes = {
	};
	objectVersion = 50;
	objects = {

/* Begin PBXBuildFile section */
		2962798B2443468E003B1AA3 /* RocketsView.swift in Sources */ = {isa = PBXBuildFile; fileRef = 2962798A2443468E003B1AA3 /* RocketsView.swift */; };
		2962798D2443538D003B1AA3 /* StartPlayerDetail.swift in Sources */ = {isa = PBXBuildFile; fileRef = 2962798C2443538D003B1AA3 /* StartPlayerDetail.swift */; };
		2962798F2443624E003B1AA3 /* BenchPlayerDetail.swift in Sources */ = {isa = PBXBuildFile; fileRef = 2962798E2443624E003B1AA3 /* BenchPlayerDetail.swift */; };
		29834C7A2441F02600C9989D /* AppDelegate.swift in Sources */ = {isa = PBXBuildFile; fileRef = 29834C792441F02600C9989D /* AppDelegate.swift */; };
		29834C7C2441F02600C9989D /* SceneDelegate.swift in Sources */ = {isa = PBXBuildFile; fileRef = 29834C7B2441F02600C9989D /* SceneDelegate.swift */; };
		29834C7E2441F02600C9989D /* ContentView.swift in Sources */ = {isa = PBXBuildFile; fileRef = 29834C7D2441F02600C9989D /* ContentView.swift */; };
		29834C802441F02A00C9989D /* Assets.xcassets in Resources */ = {isa = PBXBuildFile; fileRef = 29834C7F2441F02A00C9989D /* Assets.xcassets */; };
		29834C832441F02A00C9989D /* Preview Assets.xcassets in Resources */ = {isa = PBXBuildFile; fileRef = 29834C822441F02A00C9989D /* Preview Assets.xcassets */; };
		29834C862441F02A00C9989D /* LaunchScreen.storyboard in Resources */ = {isa = PBXBuildFile; fileRef = 29834C842441F02A00C9989D /* LaunchScreen.storyboard */; };
		29834C8E2442058A00C9989D /* playerRow.swift in Sources */ = {isa = PBXBuildFile; fileRef = 29834C8D2442058A00C9989D /* playerRow.swift */; };
		29834C9024420C7200C9989D /* TeamRow.swift in Sources */ = {isa = PBXBuildFile; fileRef = 29834C8F24420C7200C9989D /* TeamRow.swift */; };
		29834C9224420FA900C9989D /* Team.swift in Sources */ = {isa = PBXBuildFile; fileRef = 29834C9124420FA900C9989D /* Team.swift */; };
		29834C942442107F00C9989D /* TeamList.swift in Sources */ = {isa = PBXBuildFile; fileRef = 29834C932442107F00C9989D /* TeamList.swift */; };
		29834C96244210A900C9989D /* TeamData.swift in Sources */ = {isa = PBXBuildFile; fileRef = 29834C95244210A900C9989D /* TeamData.swift */; };
		29834C982442EDE400C9989D /* playerData.swift in Sources */ = {isa = PBXBuildFile; fileRef = 29834C972442EDE400C9989D /* playerData.swift */; };
		29834C9A2442EE1B00C9989D /* Player.swift in Sources */ = {isa = PBXBuildFile; fileRef = 29834C992442EE1B00C9989D /* Player.swift */; };
		29834C9C2443007300C9989D /* playerList.swift in Sources */ = {isa = PBXBuildFile; fileRef = 29834C9B2443007300C9989D /* playerList.swift */; };
		29834C9E2443010E00C9989D /* StartPlayer.swift in Sources */ = {isa = PBXBuildFile; fileRef = 29834C9D2443010E00C9989D /* StartPlayer.swift */; };
		29834CA02443011D00C9989D /* BenchPlayer.swift in Sources */ = {isa = PBXBuildFile; fileRef = 29834C9F2443011D00C9989D /* BenchPlayer.swift */; };
		29834CA22443014F00C9989D /* StartPlayerData.swift in Sources */ = {isa = PBXBuildFile; fileRef = 29834CA12443014F00C9989D /* StartPlayerData.swift */; };
		29834CA42443016100C9989D /* BenchPlayerData.swift in Sources */ = {isa = PBXBuildFile; fileRef = 29834CA32443016100C9989D /* BenchPlayerData.swift */; };
		29834CA62443021300C9989D /* StartPlayerList.swift in Sources */ = {isa = PBXBuildFile; fileRef = 29834CA52443021300C9989D /* StartPlayerList.swift */; };
		29834CA82443022400C9989D /* BenchPlayerList.swift in Sources */ = {isa = PBXBuildFile; fileRef = 29834CA72443022400C9989D /* BenchPlayerList.swift */; };
		29834CAA2443025B00C9989D /* StartPlayerRow.swift in Sources */ = {isa = PBXBuildFile; fileRef = 29834CA92443025B00C9989D /* StartPlayerRow.swift */; };
		29834CAC2443026E00C9989D /* BenchPlayerRow.swift in Sources */ = {isa = PBXBuildFile; fileRef = 29834CAB2443026E00C9989D /* BenchPlayerRow.swift */; };
		29C4B21F2445889A00BDE60A /* PhotoView.swift in Sources */ = {isa = PBXBuildFile; fileRef = 29C4B21E2445889A00BDE60A /* PhotoView.swift */; };
		29D3541524443F940025C0B4 /* CoachDetail.swift in Sources */ = {isa = PBXBuildFile; fileRef = 29D3541424443F940025C0B4 /* CoachDetail.swift */; };
/* End PBXBuildFile section */

/* Begin PBXFileReference section */
		2962798A2443468E003B1AA3 /* RocketsView.swift */ = {isa = PBXFileReference; lastKnownFileType = sourcecode.swift; path = RocketsView.swift; sourceTree = "<group>"; };
		2962798C2443538D003B1AA3 /* StartPlayerDetail.swift */ = {isa = PBXFileReference; lastKnownFileType = sourcecode.swift; path = StartPlayerDetail.swift; sourceTree = "<group>"; };
		2962798E2443624E003B1AA3 /* BenchPlayerDetail.swift */ = {isa = PBXFileReference; lastKnownFileType = sourcecode.swift; path = BenchPlayerDetail.swift; sourceTree = "<group>"; };
		29834C762441F02600C9989D /* HReBook.app */ = {isa = PBXFileReference; explicitFileType = wrapper.application; includeInIndex = 0; path = HReBook.app; sourceTree = BUILT_PRODUCTS_DIR; };
		29834C792441F02600C9989D /* AppDelegate.swift */ = {isa = PBXFileReference; lastKnownFileType = sourcecode.swift; path = AppDelegate.swift; sourceTree = "<group>"; };
		29834C7B2441F02600C9989D /* SceneDelegate.swift */ = {isa = PBXFileReference; lastKnownFileType = sourcecode.swift; path = SceneDelegate.swift; sourceTree = "<group>"; };
		29834C7D2441F02600C9989D /* ContentView.swift */ = {isa = PBXFileReference; lastKnownFileType = sourcecode.swift; path = ContentView.swift; sourceTree = "<group>"; };
		29834C7F2441F02A00C9989D /* Assets.xcassets */ = {isa = PBXFileReference; lastKnownFileType = folder.assetcatalog; path = Assets.xcassets; sourceTree = "<group>"; };
		29834C822441F02A00C9989D /* Preview Assets.xcassets */ = {isa = PBXFileReference; lastKnownFileType = folder.assetcatalog; path = "Preview Assets.xcassets"; sourceTree = "<group>"; };
		29834C852441F02A00C9989D /* Base */ = {isa = PBXFileReference; lastKnownFileType = file.storyboard; name = Base; path = Base.lproj/LaunchScreen.storyboard; sourceTree = "<group>"; };
		29834C872441F02A00C9989D /* Info.plist */ = {isa = PBXFileReference; lastKnownFileType = text.plist.xml; path = Info.plist; sourceTree = "<group>"; };
		29834C8D2442058A00C9989D /* playerRow.swift */ = {isa = PBXFileReference; lastKnownFileType = sourcecode.swift; path = playerRow.swift; sourceTree = "<group>"; };
		29834C8F24420C7200C9989D /* TeamRow.swift */ = {isa = PBXFileReference; lastKnownFileType = sourcecode.swift; path = TeamRow.swift; sourceTree = "<group>"; };
		29834C9124420FA900C9989D /* Team.swift */ = {isa = PBXFileReference; lastKnownFileType = sourcecode.swift; path = Team.swift; sourceTree = "<group>"; };
		29834C932442107F00C9989D /* TeamList.swift */ = {isa = PBXFileReference; lastKnownFileType = sourcecode.swift; path = TeamList.swift; sourceTree = "<group>"; };
		29834C95244210A900C9989D /* TeamData.swift */ = {isa = PBXFileReference; lastKnownFileType = sourcecode.swift; path = TeamData.swift; sourceTree = "<group>"; };
		29834C972442EDE400C9989D /* playerData.swift */ = {isa = PBXFileReference; lastKnownFileType = sourcecode.swift; path = playerData.swift; sourceTree = "<group>"; };
		29834C992442EE1B00C9989D /* Player.swift */ = {isa = PBXFileReference; lastKnownFileType = sourcecode.swift; path = Player.swift; sourceTree = "<group>"; };
		29834C9B2443007300C9989D /* playerList.swift */ = {isa = PBXFileReference; lastKnownFileType = sourcecode.swift; path = playerList.swift; sourceTree = "<group>"; };
		29834C9D2443010E00C9989D /* StartPlayer.swift */ = {isa = PBXFileReference; lastKnownFileType = sourcecode.swift; path = StartPlayer.swift; sourceTree = "<group>"; };
		29834C9F2443011D00C9989D /* BenchPlayer.swift */ = {isa = PBXFileReference; lastKnownFileType = sourcecode.swift; path = BenchPlayer.swift; sourceTree = "<group>"; };
		29834CA12443014F00C9989D /* StartPlayerData.swift */ = {isa = PBXFileReference; lastKnownFileType = sourcecode.swift; path = StartPlayerData.swift; sourceTree = "<group>"; };
		29834CA32443016100C9989D /* BenchPlayerData.swift */ = {isa = PBXFileReference; lastKnownFileType = sourcecode.swift; path = BenchPlayerData.swift; sourceTree = "<group>"; };
		29834CA52443021300C9989D /* StartPlayerList.swift */ = {isa = PBXFileReference; lastKnownFileType = sourcecode.swift; path = StartPlayerList.swift; sourceTree = "<group>"; };
		29834CA72443022400C9989D /* BenchPlayerList.swift */ = {isa = PBXFileReference; lastKnownFileType = sourcecode.swift; path = BenchPlayerList.swift; sourceTree = "<group>"; };
		29834CA92443025B00C9989D /* StartPlayerRow.swift */ = {isa = PBXFileReference; lastKnownFileType = sourcecode.swift; path = StartPlayerRow.swift; sourceTree = "<group>"; };
		29834CAB2443026E00C9989D /* BenchPlayerRow.swift */ = {isa = PBXFileReference; lastKnownFileType = sourcecode.swift; path = BenchPlayerRow.swift; sourceTree = "<group>"; };
		29C4B21E2445889A00BDE60A /* PhotoView.swift */ = {isa = PBXFileReference; lastKnownFileType = sourcecode.swift; path = PhotoView.swift; sourceTree = "<group>"; };
		29D3541424443F940025C0B4 /* CoachDetail.swift */ = {isa = PBXFileReference; lastKnownFileType = sourcecode.swift; path = CoachDetail.swift; sourceTree = "<group>"; };
		29FE8E072445E392006A37CE /* rocketsEBook.entitlements */ = {isa = PBXFileReference; lastKnownFileType = text.plist.entitlements; path = rocketsEBook.entitlements; sourceTree = "<group>"; };
/* End PBXFileReference section */

/* Begin PBXFrameworksBuildPhase section */
		29834C732441F02600C9989D /* Frameworks */ = {
			isa = PBXFrameworksBuildPhase;
			buildActionMask = 2147483647;
			files = (
			);
			runOnlyForDeploymentPostprocessing = 0;
		};
/* End PBXFrameworksBuildPhase section */

/* Begin PBXGroup section */
		29834C6D2441F02500C9989D = {
			isa = PBXGroup;
			children = (
				29834C782441F02600C9989D /* rocketsEBook */,
				29834C772441F02600C9989D /* Products */,
			);
			sourceTree = "<group>";
		};
		29834C772441F02600C9989D /* Products */ = {
			isa = PBXGroup;
			children = (
				29834C762441F02600C9989D /* HReBook.app */,
			);
			name = Products;
			sourceTree = "<group>";
		};
		29834C782441F02600C9989D /* rocketsEBook */ = {
			isa = PBXGroup;
			children = (
				29FE8E072445E392006A37CE /* rocketsEBook.entitlements */,
				29834C792441F02600C9989D /* AppDelegate.swift */,
				29834C7B2441F02600C9989D /* SceneDelegate.swift */,
				29834C7D2441F02600C9989D /* ContentView.swift */,
				29834C8D2442058A00C9989D /* playerRow.swift */,
				29834CA92443025B00C9989D /* StartPlayerRow.swift */,
				29834CAB2443026E00C9989D /* BenchPlayerRow.swift */,
				29834C8F24420C7200C9989D /* TeamRow.swift */,
				29834C9124420FA900C9989D /* Team.swift */,
				29834C992442EE1B00C9989D /* Player.swift */,
				29834C9D2443010E00C9989D /* StartPlayer.swift */,
				2962798C2443538D003B1AA3 /* StartPlayerDetail.swift */,
				2962798E2443624E003B1AA3 /* BenchPlayerDetail.swift */,
				29834C9F2443011D00C9989D /* BenchPlayer.swift */,
				29834C932442107F00C9989D /* TeamList.swift */,
				2962798A2443468E003B1AA3 /* RocketsView.swift */,
				29834C9B2443007300C9989D /* playerList.swift */,
				29834CA52443021300C9989D /* StartPlayerList.swift */,
				29834CA72443022400C9989D /* BenchPlayerList.swift */,
				29834C95244210A900C9989D /* TeamData.swift */,
				29834C972442EDE400C9989D /* playerData.swift */,
				29834CA12443014F00C9989D /* StartPlayerData.swift */,
				29834CA32443016100C9989D /* BenchPlayerData.swift */,
				29D3541424443F940025C0B4 /* CoachDetail.swift */,
				29834C7F2441F02A00C9989D /* Assets.xcassets */,
				29C4B21E2445889A00BDE60A /* PhotoView.swift */,
				29834C842441F02A00C9989D /* LaunchScreen.storyboard */,
				29834C872441F02A00C9989D /* Info.plist */,
				29834C812441F02A00C9989D /* Preview Content */,
			);
			path = rocketsEBook;
			sourceTree = "<group>";
		};
		29834C812441F02A00C9989D /* Preview Content */ = {
			isa = PBXGroup;
			children = (
				29834C822441F02A00C9989D /* Preview Assets.xcassets */,
			);
			path = "Preview Content";
			sourceTree = "<group>";
		};
/* End PBXGroup section */

/* Begin PBXNativeTarget section */
		29834C752441F02600C9989D /* rocketsEBook */ = {
			isa = PBXNativeTarget;
			buildConfigurationList = 29834C8A2441F02A00C9989D /* Build configuration list for PBXNativeTarget "rocketsEBook" */;
			buildPhases = (
				29834C722441F02600C9989D /* Sources */,
				29834C732441F02600C9989D /* Frameworks */,
				29834C742441F02600C9989D /* Resources */,
			);
			buildRules = (
			);
			dependencies = (
			);
			name = rocketsEBook;
			productName = rocketsEBook;
			productReference = 29834C762441F02600C9989D /* HReBook.app */;
			productType = "com.apple.product-type.application";
		};
/* End PBXNativeTarget section */

/* Begin PBXProject section */
		29834C6E2441F02500C9989D /* Project object */ = {
			isa = PBXProject;
			attributes = {
				LastSwiftUpdateCheck = 1130;
				LastUpgradeCheck = 1130;
				ORGANIZATIONNAME = ntouyujen;
				TargetAttributes = {
					29834C752441F02600C9989D = {
						CreatedOnToolsVersion = 11.3.1;
					};
				};
			};
			buildConfigurationList = 29834C712441F02500C9989D /* Build configuration list for PBXProject "rocketsEBook" */;
			compatibilityVersion = "Xcode 9.3";
			developmentRegion = en;
			hasScannedForEncodings = 0;
			knownRegions = (
				en,
				Base,
			);
			mainGroup = 29834C6D2441F02500C9989D;
			productRefGroup = 29834C772441F02600C9989D /* Products */;
			projectDirPath = "";
			projectRoot = "";
			targets = (
				29834C752441F02600C9989D /* rocketsEBook */,
			);
		};
/* End PBXProject section */

/* Begin PBXResourcesBuildPhase section */
		29834C742441F02600C9989D /* Resources */ = {
			isa = PBXResourcesBuildPhase;
			buildActionMask = 2147483647;
			files = (
				29834C862441F02A00C9989D /* LaunchScreen.storyboard in Resources */,
				29834C832441F02A00C9989D /* Preview Assets.xcassets in Resources */,
				29834C802441F02A00C9989D /* Assets.xcassets in Resources */,
			);
			runOnlyForDeploymentPostprocessing = 0;
		};
/* End PBXResourcesBuildPhase section */

/* Begin PBXSourcesBuildPhase section */
		29834C722441F02600C9989D /* Sources */ = {
			isa = PBXSourcesBuildPhase;
			buildActionMask = 2147483647;
			files = (
				29834CA42443016100C9989D /* BenchPlayerData.swift in Sources */,
				29834C9224420FA900C9989D /* Team.swift in Sources */,
				2962798F2443624E003B1AA3 /* BenchPlayerDetail.swift in Sources */,
				29834CA02443011D00C9989D /* BenchPlayer.swift in Sources */,
				29834CA82443022400C9989D /* BenchPlayerList.swift in Sources */,
				29834C982442EDE400C9989D /* playerData.swift in Sources */,
				29834C7A2441F02600C9989D /* AppDelegate.swift in Sources */,
				29834C9E2443010E00C9989D /* StartPlayer.swift in Sources */,
				29834C96244210A900C9989D /* TeamData.swift in Sources */,
				29834CA62443021300C9989D /* StartPlayerList.swift in Sources */,
				29834C7C2441F02600C9989D /* SceneDelegate.swift in Sources */,
				2962798B2443468E003B1AA3 /* RocketsView.swift in Sources */,
				29834C7E2441F02600C9989D /* ContentView.swift in Sources */,
				29834C942442107F00C9989D /* TeamList.swift in Sources */,
				29834C9024420C7200C9989D /* TeamRow.swift in Sources */,
				29C4B21F2445889A00BDE60A /* PhotoView.swift in Sources */,
				29834C9A2442EE1B00C9989D /* Player.swift in Sources */,
				29834CAA2443025B00C9989D /* StartPlayerRow.swift in Sources */,
				29D3541524443F940025C0B4 /* CoachDetail.swift in Sources */,
				29834CA22443014F00C9989D /* StartPlayerData.swift in Sources */,
				29834C8E2442058A00C9989D /* playerRow.swift in Sources */,
				2962798D2443538D003B1AA3 /* StartPlayerDetail.swift in Sources */,
				29834C9C2443007300C9989D /* playerList.swift in Sources */,
				29834CAC2443026E00C9989D /* BenchPlayerRow.swift in Sources */,
			);
			runOnlyForDeploymentPostprocessing = 0;
		};
/* End PBXSourcesBuildPhase section */

/* Begin PBXVariantGroup section */
		29834C842441F02A00C9989D /* LaunchScreen.storyboard */ = {
			isa = PBXVariantGroup;
			children = (
				29834C852441F02A00C9989D /* Base */,
			);
			name = LaunchScreen.storyboard;
			sourceTree = "<group>";
		};
/* End PBXVariantGroup section */

/* Begin XCBuildConfiguration section */
		29834C882441F02A00C9989D /* Debug */ = {
			isa = XCBuildConfiguration;
			buildSettings = {
				ALWAYS_SEARCH_USER_PATHS = NO;
				CLANG_ANALYZER_NONNULL = YES;
				CLANG_ANALYZER_NUMBER_OBJECT_CONVERSION = YES_AGGRESSIVE;
				CLANG_CXX_LANGUAGE_STANDARD = "gnu++14";
				CLANG_CXX_LIBRARY = "libc++";
				CLANG_ENABLE_MODULES = YES;
				CLANG_ENABLE_OBJC_ARC = YES;
				CLANG_ENABLE_OBJC_WEAK = YES;
				CLANG_WARN_BLOCK_CAPTURE_AUTORELEASING = YES;
				CLANG_WARN_BOOL_CONVERSION = YES;
				CLANG_WARN_COMMA = YES;
				CLANG_WARN_CONSTANT_CONVERSION = YES;
				CLANG_WARN_DEPRECATED_OBJC_IMPLEMENTATIONS = YES;
				CLANG_WARN_DIRECT_OBJC_ISA_USAGE = YES_ERROR;
				CLANG_WARN_DOCUMENTATION_COMMENTS = YES;
				CLANG_WARN_EMPTY_BODY = YES;
				CLANG_WARN_ENUM_CONVERSION = YES;
				CLANG_WARN_INFINITE_RECURSION = YES;
				CLANG_WARN_INT_CONVERSION = YES;
				CLANG_WARN_NON_LITERAL_NULL_CONVERSION = YES;
				CLANG_WARN_OBJC_IMPLICIT_RETAIN_SELF = YES;
				CLANG_WARN_OBJC_LITERAL_CONVERSION = YES;
				CLANG_WARN_OBJC_ROOT_CLASS = YES_ERROR;
				CLANG_WARN_RANGE_LOOP_ANALYSIS = YES;
				CLANG_WARN_STRICT_PROTOTYPES = YES;
				CLANG_WARN_SUSPICIOUS_MOVE = YES;
				CLANG_WARN_UNGUARDED_AVAILABILITY = YES_AGGRESSIVE;
				CLANG_WARN_UNREACHABLE_CODE = YES;
				CLANG_WARN__DUPLICATE_METHOD_MATCH = YES;
				COPY_PHASE_STRIP = NO;
				DEBUG_INFORMATION_FORMAT = dwarf;
				ENABLE_STRICT_OBJC_MSGSEND = YES;
				ENABLE_TESTABILITY = YES;
				GCC_C_LANGUAGE_STANDARD = gnu11;
				GCC_DYNAMIC_NO_PIC = NO;
				GCC_NO_COMMON_BLOCKS = YES;
				GCC_OPTIMIZATION_LEVEL = 0;
				GCC_PREPROCESSOR_DEFINITIONS = (
					"DEBUG=1",
					"$(inherited)",
				);
				GCC_WARN_64_TO_32_BIT_CONVERSION = YES;
				GCC_WARN_ABOUT_RETURN_TYPE = YES_ERROR;
				GCC_WARN_UNDECLARED_SELECTOR = YES;
				GCC_WARN_UNINITIALIZED_AUTOS = YES_AGGRESSIVE;
				GCC_WARN_UNUSED_FUNCTION = YES;
				GCC_WARN_UNUSED_VARIABLE = YES;
				IPHONEOS_DEPLOYMENT_TARGET = 13.2;
				MTL_ENABLE_DEBUG_INFO = INCLUDE_SOURCE;
				MTL_FAST_MATH = YES;
				ONLY_ACTIVE_ARCH = YES;
				SDKROOT = iphoneos;
				SWIFT_ACTIVE_COMPILATION_CONDITIONS = DEBUG;
				SWIFT_OPTIMIZATION_LEVEL = "-Onone";
			};
			name = Debug;
		};
		29834C892441F02A00C9989D /* Release */ = {
			isa = XCBuildConfiguration;
			buildSettings = {
				ALWAYS_SEARCH_USER_PATHS = NO;
				CLANG_ANALYZER_NONNULL = YES;
				CLANG_ANALYZER_NUMBER_OBJECT_CONVERSION = YES_AGGRESSIVE;
				CLANG_CXX_LANGUAGE_STANDARD = "gnu++14";
				CLANG_CXX_LIBRARY = "libc++";
				CLANG_ENABLE_MODULES = YES;
				CLANG_ENABLE_OBJC_ARC = YES;
				CLANG_ENABLE_OBJC_WEAK = YES;
				CLANG_WARN_BLOCK_CAPTURE_AUTORELEASING = YES;
				CLANG_WARN_BOOL_CONVERSION = YES;
				CLANG_WARN_COMMA = YES;
				CLANG_WARN_CONSTANT_CONVERSION = YES;
				CLANG_WARN_DEPRECATED_OBJC_IMPLEMENTATIONS = YES;
				CLANG_WARN_DIRECT_OBJC_ISA_USAGE = YES_ERROR;
				CLANG_WARN_DOCUMENTATION_COMMENTS = YES;
				CLANG_WARN_EMPTY_BODY = YES;
				CLANG_WARN_ENUM_CONVERSION = YES;
				CLANG_WARN_INFINITE_RECURSION = YES;
				CLANG_WARN_INT_CONVERSION = YES;
				CLANG_WARN_NON_LITERAL_NULL_CONVERSION = YES;
				CLANG_WARN_OBJC_IMPLICIT_RETAIN_SELF = YES;
				CLANG_WARN_OBJC_LITERAL_CONVERSION = YES;
				CLANG_WARN_OBJC_ROOT_CLASS = YES_ERROR;
				CLANG_WARN_RANGE_LOOP_ANALYSIS = YES;
				CLANG_WARN_STRICT_PROTOTYPES = YES;
				CLANG_WARN_SUSPICIOUS_MOVE = YES;
				CLANG_WARN_UNGUARDED_AVAILABILITY = YES_AGGRESSIVE;
				CLANG_WARN_UNREACHABLE_CODE = YES;
				CLANG_WARN__DUPLICATE_METHOD_MATCH = YES;
				COPY_PHASE_STRIP = NO;
				DEBUG_INFORMATION_FORMAT = "dwarf-with-dsym";
				ENABLE_NS_ASSERTIONS = NO;
				ENABLE_STRICT_OBJC_MSGSEND = YES;
				GCC_C_LANGUAGE_STANDARD = gnu11;
				GCC_NO_COMMON_BLOCKS = YES;
				GCC_WARN_64_TO_32_BIT_CONVERSION = YES;
				GCC_WARN_ABOUT_RETURN_TYPE = YES_ERROR;
				GCC_WARN_UNDECLARED_SELECTOR = YES;
				GCC_WARN_UNINITIALIZED_AUTOS = YES_AGGRESSIVE;
				GCC_WARN_UNUSED_FUNCTION = YES;
				GCC_WARN_UNUSED_VARIABLE = YES;
				IPHONEOS_DEPLOYMENT_TARGET = 13.2;
				MTL_ENABLE_DEBUG_INFO = NO;
				MTL_FAST_MATH = YES;
				SDKROOT = iphoneos;
				SWIFT_COMPILATION_MODE = wholemodule;
				SWIFT_OPTIMIZATION_LEVEL = "-O";
				VALIDATE_PRODUCT = YES;
			};
			name = Release;
		};
		29834C8B2441F02A00C9989D /* Debug */ = {
			isa = XCBuildConfiguration;
			buildSettings = {
				ASSETCATALOG_COMPILER_APPICON_NAME = AppIcon;
				CODE_SIGN_ENTITLEMENTS = rocketsEBook/rocketsEBook.entitlements;
				"CODE_SIGN_IDENTITY[sdk=macosx*]" = "-";
				CODE_SIGN_STYLE = Automatic;
				DERIVE_MACCATALYST_PRODUCT_BUNDLE_IDENTIFIER = YES;
				DEVELOPMENT_ASSET_PATHS = "\"rocketsEBook/Preview Content\"";
				DEVELOPMENT_TEAM = 23X7HAPSCT;
				ENABLE_PREVIEWS = YES;
				INFOPLIST_FILE = rocketsEBook/Info.plist;
				LD_RUNPATH_SEARCH_PATHS = (
					"$(inherited)",
					"@executable_path/Frameworks",
				);
				PRODUCT_BUNDLE_IDENTIFIER = ntouyujen.rocketsEBook;
				PRODUCT_NAME = HReBook;
				SUPPORTS_MACCATALYST = YES;
				SWIFT_VERSION = 5.0;
				TARGETED_DEVICE_FAMILY = "1,2";
			};
			name = Debug;
		};
		29834C8C2441F02A00C9989D /* Release */ = {
			isa = XCBuildConfiguration;
			buildSettings = {
				ASSETCATALOG_COMPILER_APPICON_NAME = AppIcon;
				CODE_SIGN_ENTITLEMENTS = rocketsEBook/rocketsEBook.entitlements;
				"CODE_SIGN_IDENTITY[sdk=macosx*]" = "-";
				CODE_SIGN_STYLE = Automatic;
				DERIVE_MACCATALYST_PRODUCT_BUNDLE_IDENTIFIER = YES;
				DEVELOPMENT_ASSET_PATHS = "\"rocketsEBook/Preview Content\"";
				DEVELOPMENT_TEAM = 23X7HAPSCT;
				ENABLE_PREVIEWS = YES;
				INFOPLIST_FILE = rocketsEBook/Info.plist;
				LD_RUNPATH_SEARCH_PATHS = (
					"$(inherited)",
					"@executable_path/Frameworks",
				);
				PRODUCT_BUNDLE_IDENTIFIER = ntouyujen.rocketsEBook;
				PRODUCT_NAME = HReBook;
				SUPPORTS_MACCATALYST = YES;
				SWIFT_VERSION = 5.0;
				TARGETED_DEVICE_FAMILY = "1,2";
			};
			name = Release;
		};
/* End XCBuildConfiguration section */

/* Begin XCConfigurationList section */
		29834C712441F02500C9989D /* Build configuration list for PBXProject "rocketsEBook" */ = {
			isa = XCConfigurationList;
			buildConfigurations = (
				29834C882441F02A00C9989D /* Debug */,
				29834C892441F02A00C9989D /* Release */,
			);
			defaultConfigurationIsVisible = 0;
			defaultConfigurationName = Release;
		};
		29834C8A2441F02A00C9989D /* Build configuration list for PBXNativeTarget "rocketsEBook" */ = {
			isa = XCConfigurationList;
			buildConfigurations = (
				29834C8B2441F02A00C9989D /* Debug */,
				29834C8C2441F02A00C9989D /* Release */,
			);
			defaultConfigurationIsVisible = 0;
			defaultConfigurationName = Release;
		};
/* End XCConfigurationList section */
	};
	rootObject = 29834C6E2441F02500C9989D /* Project object */;
}
